
Microsoft Visual Studio Solution File, Format Version 12.00
# Visual Studio Version 16
VisualStudioVersion = 16.0.29215.179
MinimumVisualStudioVersion = 10.0.40219.1
Project("{FAE04EC0-301F-11D3-BF4B-00C04F79EFBC}") = "Particular", "Particular\Particular.csproj", "{12BB68D9-4075-4A12-A60F-86B34832A3AF}"
EndProject
Global
	GlobalSection(SolutionConfigurationPlatforms) = preSolution
		Debug|Any CPU = Debug|Any CPU
		Release|Any CPU = Release|Any CPU
	EndGlobalSection
	GlobalSection(ProjectConfigurationPlatforms) = postSolution
		{12BB68D9-4075-4A12-A60F-86B34832A3AF}.Debug|Any CPU.ActiveCfg = Debug|Any CPU
		{12BB68D9-4075-4A12-A60F-86B34832A3AF}.Debug|Any CPU.Build.0 = Debug|Any CPU
		{12BB68D9-4075-4A12-A60F-86B34832A3AF}.Release|Any CPU.ActiveCfg = Release|Any CPU
		{12BB68D9-4075-4A12-A60F-86B34832A3AF}.Release|Any CPU.Build.0 = Release|Any CPU
	EndGlobalSection
	GlobalSection(SolutionProperties) = preSolution
		HideSolutionNode = FALSE
	EndGlobalSection
	GlobalSection(ExtensibilityGlobals) = postSolution
		SolutionGuid = {F42C596A-4425-4ECA-91E0-923987575474}
	EndGlobalSection
EndGlobal
